{
  "name": "github-pages-template",
  "version": "1.0.0",
  "lockfileVersion": 1,
  "requires": true,
  "dependencies": {
    "template-writer": {
      "version": "1.0.4",
      "resolved": "https://registry.npmjs.org/template-writer/-/template-writer-1.0.4.tgz",
      "integrity": "sha512-t9trYLUdXnbD9Vw09ipZZwGyCR8QYzLfn8MV8Od5h5el/p9Pwume2yB/IYF+5jQ4WvLvErLvkKv4FUSLn2rYpw=="
    }
  }
}
