{
  "name": "github-pages-template",
  "version": "1.0.0",
  "lockfileVersion": 1,
  "requires": true,
  "dependencies": {
    "template-writer": {
      "version": "1.0.3",
      "resolved": "https://registry.npmjs.org/template-writer/-/template-writer-1.0.3.tgz",
      "integrity": "sha512-Os7j6ht1w0CD6iu46k9UYRfAFuDrD0dwizs0aWUariPyqlb85Looe7xe7I3rjKE8l+Ci7n3QI/BvAsAlR8r8mA=="
    }
  }
}
